
Microsoft Visual Studio Solution File, Format Version 12.00
# Visual Studio 2013
VisualStudioVersion = 12.0.21005.1
MinimumVisualStudioVersion = 10.0.40219.1
Project("{FAE04EC0-301F-11D3-BF4B-00C04F79EFBC}") = "DienmayQT", "DienmayQT\DienmayQT.csproj", "{11BEC7E5-AFD7-4285-AD5F-41925AB90AC3}"
EndProject
Project("{FAE04EC0-301F-11D3-BF4B-00C04F79EFBC}") = "DienmayQT.Tests", "DienmayQT.Tests\DienmayQT.Tests.csproj", "{FC0C3FD9-B893-4A97-85FC-BF6FF6A8CB61}"
EndProject
Global
	GlobalSection(SolutionConfigurationPlatforms) = preSolution
		Debug|Any CPU = Debug|Any CPU
		Release|Any CPU = Release|Any CPU
	EndGlobalSection
	GlobalSection(ProjectConfigurationPlatforms) = postSolution
		{11BEC7E5-AFD7-4285-AD5F-41925AB90AC3}.Debug|Any CPU.ActiveCfg = Debug|Any CPU
		{11BEC7E5-AFD7-4285-AD5F-41925AB90AC3}.Debug|Any CPU.Build.0 = Debug|Any CPU
		{11BEC7E5-AFD7-4285-AD5F-41925AB90AC3}.Release|Any CPU.ActiveCfg = Release|Any CPU
		{11BEC7E5-AFD7-4285-AD5F-41925AB90AC3}.Release|Any CPU.Build.0 = Release|Any CPU
		{FC0C3FD9-B893-4A97-85FC-BF6FF6A8CB61}.Debug|Any CPU.ActiveCfg = Debug|Any CPU
		{FC0C3FD9-B893-4A97-85FC-BF6FF6A8CB61}.Debug|Any CPU.Build.0 = Debug|Any CPU
		{FC0C3FD9-B893-4A97-85FC-BF6FF6A8CB61}.Release|Any CPU.ActiveCfg = Release|Any CPU
		{FC0C3FD9-B893-4A97-85FC-BF6FF6A8CB61}.Release|Any CPU.Build.0 = Release|Any CPU
	EndGlobalSection
	GlobalSection(SolutionProperties) = preSolution
		HideSolutionNode = FALSE
	EndGlobalSection
EndGlobal
